lockfileVersion: '9.0'

settings:
  autoInstallPeers: true
  excludeLinksFromLockfile: false

importers:

  .:
    dependencies:
      chalk:
        specifier: ^5.6.0
        version: 5.6.0
      commander:
        specifier: ^14.0.0
        version: 14.0.0
    devDependencies:
      '@rslib/core':
        specifier: 0.12.2
        version: 0.12.2

packages:

  '@ast-grep/napi-darwin-arm64@0.37.0':
    resolution: {integrity: sha512-QAiIiaAbLvMEg/yBbyKn+p1gX2/FuaC0SMf7D7capm/oG4xGMzdeaQIcSosF4TCxxV+hIH4Bz9e4/u7w6Bnk3Q==}
    engines: {node: '>= 10'}
    cpu: [arm64]
    os: [darwin]

  '@ast-grep/napi-darwin-x64@0.37.0':
    resolution: {integrity: sha512-zvcvdgekd4ySV3zUbUp8HF5nk5zqwiMXTuVzTUdl/w08O7JjM6XPOIVT+d2o/MqwM9rsXdzdergY5oY2RdhSPA==}
    engines: {node: '>= 10'}
    cpu: [x64]
    os: [darwin]

  '@ast-grep/napi-linux-arm64-gnu@0.37.0':
    resolution: {integrity: sha512-L7Sj0lXy8X+BqSMgr1LB8cCoWk0rericdeu+dC8/c8zpsav5Oo2IQKY1PmiZ7H8IHoFBbURLf8iklY9wsD+cyA==}
    engines: {node: '>= 10'}
    cpu: [arm64]
    os: [linux]

  '@ast-grep/napi-linux-arm64-musl@0.37.0':
    resolution: {integrity: sha512-LF9sAvYy6es/OdyJDO3RwkX3I82Vkfsng1sqUBcoWC1jVb1wX5YVzHtpQox9JrEhGl+bNp7FYxB4Qba9OdA5GA==}
    engines: {node: '>= 10'}
    cpu: [arm64]
    os: [linux]

  '@ast-grep/napi-linux-x64-gnu@0.37.0':
    resolution: {integrity: sha512-TViz5/klqre6aSmJzswEIjApnGjJzstG/SE8VDWsrftMBMYt2PTu3MeluZVwzSqDao8doT/P+6U11dU05UOgxw==}
    engines: {node: '>= 10'}
    cpu: [x64]
    os: [linux]

  '@ast-grep/napi-linux-x64-musl@0.37.0':
    resolution: {integrity: sha512-/BcCH33S9E3ovOAEoxYngUNXgb+JLg991sdyiNP2bSoYd30a9RHrG7CYwW6fMgua3ijQ474eV6cq9yZO1bCpXg==}
    engines: {node: '>= 10'}
    cpu: [x64]
    os: [linux]

  '@ast-grep/napi-win32-arm64-msvc@0.37.0':
    resolution: {integrity: sha512-TjQA4cFoIEW2bgjLkaL9yqT4XWuuLa5MCNd0VCDhGRDMNQ9+rhwi9eLOWRaap3xzT7g+nlbcEHL3AkVCD2+b3A==}
    engines: {node: '>= 10'}
    cpu: [arm64]
    os: [win32]

  '@ast-grep/napi-win32-ia32-msvc@0.37.0':
    resolution: {integrity: sha512-uNmVka8fJCdYsyOlF9aZqQMLTatEYBynjChVTzUfFMDfmZ0bihs/YTqJVbkSm8TZM7CUX82apvn50z/dX5iWRA==}
    engines: {node: '>= 10'}
    cpu: [ia32]
    os: [win32]

  '@ast-grep/napi-win32-x64-msvc@0.37.0':
    resolution: {integrity: sha512-vCiFOT3hSCQuHHfZ933GAwnPzmL0G04JxQEsBRfqONywyT8bSdDc/ECpAfr3S9VcS4JZ9/F6tkePKW/Om2Dq2g==}
    engines: {node: '>= 10'}
    cpu: [x64]
    os: [win32]

  '@ast-grep/napi@0.37.0':
    resolution: {integrity: sha512-Hb4o6h1Pf6yRUAX07DR4JVY7dmQw+RVQMW5/m55GoiAT/VRoKCWBtIUPPOnqDVhbx1Cjfil9b6EDrgJsUAujEQ==}
    engines: {node: '>= 10'}

  '@emnapi/core@1.4.5':
    resolution: {integrity: sha512-XsLw1dEOpkSX/WucdqUhPWP7hDxSvZiY+fsUC14h+FtQ2Ifni4znbBt8punRX+Uj2JG/uDb8nEHVKvrVlvdZ5Q==}

  '@emnapi/runtime@1.4.5':
    resolution: {integrity: sha512-++LApOtY0pEEz1zrd9vy1/zXVaVJJ/EbAF3u0fXIzPJEDtnITsBGbbK0EkM72amhl/R5b+5xx0Y/QhcVOpuulg==}

  '@emnapi/wasi-threads@1.0.4':
    resolution: {integrity: sha512-PJR+bOmMOPH8AtcTGAyYNiuJ3/Fcoj2XN/gBEWzDIKh254XO+mM9XoXHk5GNEhodxeMznbg7BlRojVbKN+gC6g==}

  '@jridgewell/sourcemap-codec@1.5.5':
    resolution: {integrity: sha512-cYQ9310grqxueWbl+WuIUIaiUaDcj7WOq5fVhEljNVgRfOUhY9fy2zTvfoqWsnebh8Sl70VScFbICvJnLKB0Og==}

  '@module-federation/error-codes@0.18.0':
    resolution: {integrity: sha512-Woonm8ehyVIUPXChmbu80Zj6uJkC0dD9SJUZ/wOPtO8iiz/m+dkrOugAuKgoiR6qH4F+yorWila954tBz4uKsQ==}

  '@module-federation/runtime-core@0.18.0':
    resolution: {integrity: sha512-ZyYhrDyVAhUzriOsVfgL6vwd+5ebYm595Y13KeMf6TKDRoUHBMTLGQ8WM4TDj8JNsy7LigncK8C03fn97of0QQ==}

  '@module-federation/runtime-tools@0.18.0':
    resolution: {integrity: sha512-fSga9o4t1UfXNV/Kh6qFvRyZpPp3EHSPRISNeyT8ZoTpzDNiYzhtw0BPUSSD8m6C6XQh2s/11rI4g80UY+d+hA==}

  '@module-federation/runtime@0.18.0':
    resolution: {integrity: sha512-+C4YtoSztM7nHwNyZl6dQKGUVJdsPrUdaf3HIKReg/GQbrt9uvOlUWo2NXMZ8vDAnf/QRrpSYAwXHmWDn9Obaw==}

  '@module-federation/sdk@0.18.0':
    resolution: {integrity: sha512-Lo/Feq73tO2unjmpRfyyoUkTVoejhItXOk/h5C+4cistnHbTV8XHrW/13fD5e1Iu60heVdAhhelJd6F898Ve9A==}

  '@module-federation/webpack-bundler-runtime@0.18.0':
    resolution: {integrity: sha512-TEvErbF+YQ+6IFimhUYKK3a5wapD90d90sLsNpcu2kB3QGT7t4nIluE25duXuZDVUKLz86tEPrza/oaaCWTpvQ==}

  '@napi-rs/wasm-runtime@1.0.3':
    resolution: {integrity: sha512-rZxtMsLwjdXkMUGC3WwsPwLNVqVqnTJT6MNIB6e+5fhMcSCPP0AOsNWuMQ5mdCq6HNjs/ZeWAEchpqeprqBD2Q==}

  '@rsbuild/core@1.5.0-beta.4':
    resolution: {integrity: sha512-h1jqpjZunalsdxTcJCbY8DovLu6F4MQgsYdZyxDjUp0xuggQayi1tpcE6MhLs3WWa077g+LZ2Am4gKt/pl/W9Q==}
    engines: {node: '>=18.12.0'}
    hasBin: true

  '@rslib/core@0.12.2':
    resolution: {integrity: sha512-5DPVxmzzyoQlLqSt8Y/8kbYNtbJ0AEVUXd1hDFQ0Iq5Eb5XA4363PDeLdfeKJ1h93YqT7M9WZ3Cyhvosx1EimQ==}
    engines: {node: '>=18.12.0'}
    hasBin: true
    peerDependencies:
      '@microsoft/api-extractor': ^7
      typescript: ^5
    peerDependenciesMeta:
      '@microsoft/api-extractor':
        optional: true
      typescript:
        optional: true

  '@rspack/binding-darwin-arm64@1.5.0-beta.1':
    resolution: {integrity: sha512-aXSbz9Bo480xNDK6v64SZ19I/bmMuxaOuex6V9q0S+v3qx/ZsUWL+5aUd71scq7EfAb3KkvQFsYACpt5PMZ9DQ==}
    cpu: [arm64]
    os: [darwin]

  '@rspack/binding-darwin-x64@1.5.0-beta.1':
    resolution: {integrity: sha512-addeCT0bXtfOfvJZdVuHWBl20Cd8RmweOX03OiEH4AmQc9EgUEP/oCGpOmakBXxUCl3x/RnlrXx2nD1uDyuyLA==}
    cpu: [x64]
    os: [darwin]

  '@rspack/binding-linux-arm64-gnu@1.5.0-beta.1':
    resolution: {integrity: sha512-fYgOfSsA0J0rUA40ZEexrMRKyIVAUo4m0KShTm6yVaAzQHWVZ0xjjcoLFNxCVE7EvAPI7wl9fDOyr7Y8EylVfQ==}
    cpu: [arm64]
    os: [linux]

  '@rspack/binding-linux-arm64-musl@1.5.0-beta.1':
    resolution: {integrity: sha512-wWlOzsoJU2HJyPxoCDScW4zt3+5WO6NI8B7jSmhVA9dfmvCYUKktt/YZpskcgMsvCgtzXTE62wDc+VTQ5ucp9A==}
    cpu: [arm64]
    os: [linux]

  '@rspack/binding-linux-x64-gnu@1.5.0-beta.1':
    resolution: {integrity: sha512-OlgQIQLDLDDXvbUYBEfZmofO3uTDi0rGfIr58PXz/wTF87KdwqlU0HyjIeaeDUaQlV+lNXNysuCwvI0hl/o2tw==}
    cpu: [x64]
    os: [linux]

  '@rspack/binding-linux-x64-musl@1.5.0-beta.1':
    resolution: {integrity: sha512-LkQSyfyf5Jy0UGD0tvm2Gz+0VjboawtRrYd+qYHE0Pm4h7tTJWyqnh02LRTROxOl3GrssC1VGn6J8XYTxOAWug==}
    cpu: [x64]
    os: [linux]

  '@rspack/binding-wasm32-wasi@1.5.0-beta.1':
    resolution: {integrity: sha512-ysnuVnqC9byoYfoAi/TsV0U5ZUxU0snnVPa/SvQEO6ew3J2GaNDq1vS1zWo0SOA4eLmwkop0/UcH8n3VXOy7NA==}
    cpu: [wasm32]

  '@rspack/binding-win32-arm64-msvc@1.5.0-beta.1':
    resolution: {integrity: sha512-vcMXybMchQomBODyi6aIMCur8/oQktw+iVv0dH3hiiWy0v2g8xS9VLMjWXfGZAhonhRe7YWTP12dxCPbWmQyZw==}
    cpu: [arm64]
    os: [win32]

  '@rspack/binding-win32-ia32-msvc@1.5.0-beta.1':
    resolution: {integrity: sha512-fCj904xjc5iKOdUS0VLUE/LbAQZWlub/TF0ZKhzq2UK8WWwrfhA5U8ZHximU0A0LVDoMVZCM5M12rO12P0uHKw==}
    cpu: [ia32]
    os: [win32]

  '@rspack/binding-win32-x64-msvc@1.5.0-beta.1':
    resolution: {integrity: sha512-iWCoFMwP2aUea1mIp2+mTE7IKj6wp9hxMuZgOcEGWQidE7pUss5/Zp3wrOSWnnyovIeQLmK9wsQEA/W3i3MiAQ==}
    cpu: [x64]
    os: [win32]

  '@rspack/binding@1.5.0-beta.1':
    resolution: {integrity: sha512-qZ+cxvsNvXBOPX0NEP+KfxQlJI7TDZR2XLS8Jl+zHl2kgulEOBWsBa7Q1Dcw73YQgz2owxP3OWl3f8LWXnnC1Q==}

  '@rspack/core@1.5.0-beta.1':
    resolution: {integrity: sha512-o3yQreNKldm0k96wPMpXBI9p0B03LpeK3XyV4vhk24RfLIa2p6C2LPF4xn6U2M28CFQkSbeu1vwlMHnfW4xHNg==}
    engines: {node: '>=18.12.0'}
    peerDependencies:
      '@swc/helpers': '>=0.5.1'
    peerDependenciesMeta:
      '@swc/helpers':
        optional: true

  '@rspack/lite-tapable@1.0.1':
    resolution: {integrity: sha512-VynGOEsVw2s8TAlLf/uESfrgfrq2+rcXB1muPJYBWbsm1Oa6r5qVQhjA5ggM6z/coYPrsVMgovl3Ff7Q7OCp1w==}
    engines: {node: '>=16.0.0'}

  '@swc/helpers@0.5.17':
    resolution: {integrity: sha512-5IKx/Y13RsYd+sauPb2x+U/xZikHjolzfuDgTAl/Tdf3Q8rslRvC19NKDLgAJQ6wsqADk10ntlv08nPFw/gO/A==}

  '@tybys/wasm-util@0.10.0':
    resolution: {integrity: sha512-VyyPYFlOMNylG45GoAe0xDoLwWuowvf92F9kySqzYh8vmYm7D2u4iUJKa1tOUpS70Ku13ASrOkS4ScXFsTaCNQ==}

  chalk@5.6.0:
    resolution: {integrity: sha512-46QrSQFyVSEyYAgQ22hQ+zDa60YHA4fBstHmtSApj1Y5vKtG27fWowW03jCk5KcbXEWPZUIR894aARCA/G1kfQ==}
    engines: {node: ^12.17.0 || ^14.13 || >=16.0.0}

  commander@14.0.0:
    resolution: {integrity: sha512-2uM9rYjPvyq39NwLRqaiLtWHyDC1FvryJDa2ATTVims5YAS4PupsEQsDvP14FqhFr0P49CYDugi59xaxJlTXRA==}
    engines: {node: '>=20'}

  core-js@3.45.1:
    resolution: {integrity: sha512-L4NPsJlCfZsPeXukyzHFlg/i7IIVwHSItR0wg0FLNqYClJ4MQYTYLbC7EkjKYRLZF2iof2MUgN0EGy7MdQFChg==}

  fdir@6.5.0:
    resolution: {integrity: sha512-tIbYtZbucOs0BRGqPJkshJUYdL+SDH7dVM8gjy+ERp3WAUjLEFJE+02kanyHtwjWOnwrKYBiwAmM0p4kLJAnXg==}
    engines: {node: '>=12.0.0'}
    peerDependencies:
      picomatch: ^3 || ^4
    peerDependenciesMeta:
      picomatch:
        optional: true

  jiti@2.5.1:
    resolution: {integrity: sha512-twQoecYPiVA5K/h6SxtORw/Bs3ar+mLUtoPSc7iMXzQzK8d7eJ/R09wmTwAjiamETn1cXYPGfNnu7DMoHgu12w==}
    hasBin: true

  json5@2.2.3:
    resolution: {integrity: sha512-XmOWe7eyHYH14cLdVPoyg+GOH3rYX++KpzrylJwSW98t3Nk+U8XOl8FWKOgwtzdb8lXGf6zYwDUzeHMWfxasyg==}
    engines: {node: '>=6'}
    hasBin: true

  magic-string@0.30.17:
    resolution: {integrity: sha512-sNPKHvyjVf7gyjwS4xGTaW/mCnF8wnjtifKBEhxfZ7E/S8tQ0rssrwGNn6q8JH/ohItJfSQp9mBtQYuTlH5QnA==}

  minimist@1.2.8:
    resolution: {integrity: sha512-2yyAR8qBkN3YuheJanUpWC5U3bb5osDywNB8RzDVlDwDHbocAJveqqj1u8+SVD7jkWT4yvsHCpWqqWqAxb0zCA==}

  picocolors@1.1.1:
    resolution: {integrity: sha512-xceH2snhtb5M9liqDsmEw56le376mTZkEX/jEb/RxNFyegNul7eNslCXP9FDj/Lcu0X8KEyMceP2ntpaHrDEVA==}

  picomatch@4.0.3:
    resolution: {integrity: sha512-5gTmgEY/sqK6gFXLIsQNH19lWb4ebPDLA4SdLP7dsWkIXHWlG66oPuVvXSGFPppYZz8ZDZq0dYYrbHfBCVUb1Q==}
    engines: {node: '>=12'}

  rsbuild-plugin-dts@0.12.2:
    resolution: {integrity: sha512-qI7wwT7R6T5LzuwcBWt6dZYaS1Fv5Tg2D3OHbAX9MXYn2oJ3eJjdwXU2LcLALd1CpXUPaQCjOTHRMJzHT0++JQ==}
    engines: {node: '>=18.12.0'}
    peerDependencies:
      '@microsoft/api-extractor': ^7
      '@rsbuild/core': 1.x
      typescript: ^5
    peerDependenciesMeta:
      '@microsoft/api-extractor':
        optional: true
      typescript:
        optional: true

  strip-bom@3.0.0:
    resolution: {integrity: sha512-vavAMRXOgBVNF6nyEEmL3DBK19iRpDcoIwW+swQ+CbGiu7lju6t+JklA1MHweoWtadgt4ISVUsXLyDq34ddcwA==}
    engines: {node: '>=4'}

  tinyglobby@0.2.14:
    resolution: {integrity: sha512-tX5e7OM1HnYr2+a2C/4V0htOcSQcoSTH9KgJnVvNm5zm/cyEWKJ7j7YutsH9CxMdtOkkLFy2AHrMci9IM8IPZQ==}
    engines: {node: '>=12.0.0'}

  tsconfig-paths@4.2.0:
    resolution: {integrity: sha512-NoZ4roiN7LnbKn9QqE1amc9DJfzvZXxF4xDavcOWt1BPkdx+m+0gJuPM+S0vCe7zTJMYUP0R8pO2XMr+Y8oLIg==}
    engines: {node: '>=6'}

  tslib@2.8.1:
    resolution: {integrity: sha512-oJFu94HQb+KVduSUQL7wnpmqnfmLsOA/nAh6b6EH0wCEoK0/mPeXU6c3wKDV83MkOuHPRHtSXKKU99IBazS/2w==}

snapshots:

  '@ast-grep/napi-darwin-arm64@0.37.0':
    optional: true

  '@ast-grep/napi-darwin-x64@0.37.0':
    optional: true

  '@ast-grep/napi-linux-arm64-gnu@0.37.0':
    optional: true

  '@ast-grep/napi-linux-arm64-musl@0.37.0':
    optional: true

  '@ast-grep/napi-linux-x64-gnu@0.37.0':
    optional: true

  '@ast-grep/napi-linux-x64-musl@0.37.0':
    optional: true

  '@ast-grep/napi-win32-arm64-msvc@0.37.0':
    optional: true

  '@ast-grep/napi-win32-ia32-msvc@0.37.0':
    optional: true

  '@ast-grep/napi-win32-x64-msvc@0.37.0':
    optional: true

  '@ast-grep/napi@0.37.0':
    optionalDependencies:
      '@ast-grep/napi-darwin-arm64': 0.37.0
      '@ast-grep/napi-darwin-x64': 0.37.0
      '@ast-grep/napi-linux-arm64-gnu': 0.37.0
      '@ast-grep/napi-linux-arm64-musl': 0.37.0
      '@ast-grep/napi-linux-x64-gnu': 0.37.0
      '@ast-grep/napi-linux-x64-musl': 0.37.0
      '@ast-grep/napi-win32-arm64-msvc': 0.37.0
      '@ast-grep/napi-win32-ia32-msvc': 0.37.0
      '@ast-grep/napi-win32-x64-msvc': 0.37.0

  '@emnapi/core@1.4.5':
    dependencies:
      '@emnapi/wasi-threads': 1.0.4
      tslib: 2.8.1
    optional: true

  '@emnapi/runtime@1.4.5':
    dependencies:
      tslib: 2.8.1
    optional: true

  '@emnapi/wasi-threads@1.0.4':
    dependencies:
      tslib: 2.8.1
    optional: true

  '@jridgewell/sourcemap-codec@1.5.5': {}

  '@module-federation/error-codes@0.18.0': {}

  '@module-federation/runtime-core@0.18.0':
    dependencies:
      '@module-federation/error-codes': 0.18.0
      '@module-federation/sdk': 0.18.0

  '@module-federation/runtime-tools@0.18.0':
    dependencies:
      '@module-federation/runtime': 0.18.0
      '@module-federation/webpack-bundler-runtime': 0.18.0

  '@module-federation/runtime@0.18.0':
    dependencies:
      '@module-federation/error-codes': 0.18.0
      '@module-federation/runtime-core': 0.18.0
      '@module-federation/sdk': 0.18.0

  '@module-federation/sdk@0.18.0': {}

  '@module-federation/webpack-bundler-runtime@0.18.0':
    dependencies:
      '@module-federation/runtime': 0.18.0
      '@module-federation/sdk': 0.18.0

  '@napi-rs/wasm-runtime@1.0.3':
    dependencies:
      '@emnapi/core': 1.4.5
      '@emnapi/runtime': 1.4.5
      '@tybys/wasm-util': 0.10.0
    optional: true

  '@rsbuild/core@1.5.0-beta.4':
    dependencies:
      '@rspack/core': 1.5.0-beta.1(@swc/helpers@0.5.17)
      '@rspack/lite-tapable': 1.0.1
      '@swc/helpers': 0.5.17
      core-js: 3.45.1
      jiti: 2.5.1

  '@rslib/core@0.12.2':
    dependencies:
      '@rsbuild/core': 1.5.0-beta.4
      rsbuild-plugin-dts: 0.12.2(@rsbuild/core@1.5.0-beta.4)
      tinyglobby: 0.2.14

  '@rspack/binding-darwin-arm64@1.5.0-beta.1':
    optional: true

  '@rspack/binding-darwin-x64@1.5.0-beta.1':
    optional: true

  '@rspack/binding-linux-arm64-gnu@1.5.0-beta.1':
    optional: true

  '@rspack/binding-linux-arm64-musl@1.5.0-beta.1':
    optional: true

  '@rspack/binding-linux-x64-gnu@1.5.0-beta.1':
    optional: true

  '@rspack/binding-linux-x64-musl@1.5.0-beta.1':
    optional: true

  '@rspack/binding-wasm32-wasi@1.5.0-beta.1':
    dependencies:
      '@napi-rs/wasm-runtime': 1.0.3
    optional: true

  '@rspack/binding-win32-arm64-msvc@1.5.0-beta.1':
    optional: true

  '@rspack/binding-win32-ia32-msvc@1.5.0-beta.1':
    optional: true

  '@rspack/binding-win32-x64-msvc@1.5.0-beta.1':
    optional: true

  '@rspack/binding@1.5.0-beta.1':
    optionalDependencies:
      '@rspack/binding-darwin-arm64': 1.5.0-beta.1
      '@rspack/binding-darwin-x64': 1.5.0-beta.1
      '@rspack/binding-linux-arm64-gnu': 1.5.0-beta.1
      '@rspack/binding-linux-arm64-musl': 1.5.0-beta.1
      '@rspack/binding-linux-x64-gnu': 1.5.0-beta.1
      '@rspack/binding-linux-x64-musl': 1.5.0-beta.1
      '@rspack/binding-wasm32-wasi': 1.5.0-beta.1
      '@rspack/binding-win32-arm64-msvc': 1.5.0-beta.1
      '@rspack/binding-win32-ia32-msvc': 1.5.0-beta.1
      '@rspack/binding-win32-x64-msvc': 1.5.0-beta.1

  '@rspack/core@1.5.0-beta.1(@swc/helpers@0.5.17)':
    dependencies:
      '@module-federation/runtime-tools': 0.18.0
      '@rspack/binding': 1.5.0-beta.1
      '@rspack/lite-tapable': 1.0.1
    optionalDependencies:
      '@swc/helpers': 0.5.17

  '@rspack/lite-tapable@1.0.1': {}

  '@swc/helpers@0.5.17':
    dependencies:
      tslib: 2.8.1

  '@tybys/wasm-util@0.10.0':
    dependencies:
      tslib: 2.8.1
    optional: true

  chalk@5.6.0: {}

  commander@14.0.0: {}

  core-js@3.45.1: {}

  fdir@6.5.0(picomatch@4.0.3):
    optionalDependencies:
      picomatch: 4.0.3

  jiti@2.5.1: {}

  json5@2.2.3: {}

  magic-string@0.30.17:
    dependencies:
      '@jridgewell/sourcemap-codec': 1.5.5

  minimist@1.2.8: {}

  picocolors@1.1.1: {}

  picomatch@4.0.3: {}

  rsbuild-plugin-dts@0.12.2(@rsbuild/core@1.5.0-beta.4):
    dependencies:
      '@ast-grep/napi': 0.37.0
      '@rsbuild/core': 1.5.0-beta.4
      magic-string: 0.30.17
      picocolors: 1.1.1
      tinyglobby: 0.2.14
      tsconfig-paths: 4.2.0

  strip-bom@3.0.0: {}

  tinyglobby@0.2.14:
    dependencies:
      fdir: 6.5.0(picomatch@4.0.3)
      picomatch: 4.0.3

  tsconfig-paths@4.2.0:
    dependencies:
      json5: 2.2.3
      minimist: 1.2.8
      strip-bom: 3.0.0

  tslib@2.8.1: {}
